#MicroXplorer Configuration settings - do not modify
Mcu.Family=STM32F1
ProjectManager.MainLocation=Core/Src
PA2.GPIO_PuPd=GPIO_PULLUP
RCC.MCOFreq_Value=72000000
ProjectManager.KeepUserCode=true
Mcu.UserName=STM32F103C8Tx
RCC.PLLCLKFreq_Value=72000000
PC13-TAMPER-RTC.GPIOParameters=GPIO_Label
PA3.GPIO_PuPd=GPIO_PULLUP
PA12.GPIOParameters=GPIO_Label,GPIO_ModeDefaultOutputPP
ProjectManager.functionlistsort=1-MX_GPIO_Init-GPIO-false-HAL-true,2-SystemClock_Config-RCC-false-HAL-false
PA11.GPIOParameters=GPIO_Label,GPIO_ModeDefaultOutputPP
PB9.GPIO_ModeDefaultOutputPP=GPIO_MODE_OUTPUT_OD
PA3.GPIOParameters=GPIO_PuPd,GPIO_Label
RCC.ADCFreqValue=36000000
PA7.GPIO_ModeDefaultOutputPP=GPIO_MODE_OUTPUT_OD
PB0.GPIO_Label=BTN_CALL
PB6.GPIO_Label=L_plus
PB11.Signal=GPIO_Output
PA2.GPIOParameters=GPIO_PuPd,GPIO_Label
PinOutPanel.RotationAngle=0
RCC.SYSCLKSource=RCC_SYSCLKSOURCE_PLLCLK
ProjectManager.StackSize=0x10
PB5.GPIOParameters=GPIO_Label
PD1-OSC_OUT.Signal=RCC_OSC_OUT
PA12.GPIO_ModeDefaultOutputPP=GPIO_MODE_OUTPUT_OD
RCC.FCLKCortexFreq_Value=72000000
NVIC.SVCall_IRQn=true\:0\:0\:false\:false\:true\:false\:false
Mcu.IP2=SYS
PA15.GPIO_Label=POS 2_5
PB4.GPIOParameters=GPIO_Label
Mcu.IP0=NVIC
PA12.Locked=true
PB10.GPIO_ModeDefaultOutputPP=GPIO_MODE_OUTPUT_OD
Mcu.IP1=RCC
PA12.Signal=GPIO_Output
Mcu.UserConstants=
Mcu.ThirdPartyNb=0
RCC.HCLKFreq_Value=72000000
Mcu.IPNb=3
ProjectManager.PreviousToolchain=
RCC.APB2TimFreq_Value=72000000
PB6.Signal=GPIO_Input
Mcu.Pin6=PA3
Mcu.Pin7=PA7
Mcu.Pin8=PB0
Mcu.Pin9=PB1
PA1.GPIO_PuPd=GPIO_PULLUP
RCC.AHBFreq_Value=72000000
Mcu.Pin0=PC13-TAMPER-RTC
Mcu.Pin1=PD0-OSC_IN
GPIO.groupedBy=Group By Peripherals
Mcu.Pin2=PD1-OSC_OUT
Mcu.Pin3=PA0-WKUP
PA0-WKUP.GPIOParameters=GPIO_PuPd,GPIO_Label
Mcu.Pin4=PA1
Mcu.Pin5=PA2
ProjectManager.ProjectBuild=false
NVIC.UsageFault_IRQn=true\:0\:0\:false\:false\:true\:false\:false
NVIC.DebugMonitor_IRQn=true\:0\:0\:false\:false\:true\:false\:false
NVIC.SysTick_IRQn=true\:0\:0\:false\:false\:true\:false\:true
RCC.PLLMUL=RCC_PLL_MUL9
PA11.GPIO_ModeDefaultOutputPP=GPIO_MODE_OUTPUT_OD
ProjectManager.FirmwarePackage=STM32Cube FW_F1 V1.8.3
MxDb.Version=DB.6.0.21
PB0.GPIOParameters=GPIO_Label,GPIO_ModeDefaultOutputPP
PA1.GPIOParameters=GPIO_PuPd,GPIO_Label
ProjectManager.BackupPrevious=false
PA14.Mode=Serial_Wire
PB1.GPIO_Label=BTN_PLAY_PAUSE
File.Version=6
PB3.GPIOParameters=GPIO_Label
PB7.Signal=GPIO_Input
PB8.Locked=true
PB6.Locked=true
NVIC.PendSV_IRQn=true\:0\:0\:false\:false\:true\:false\:false
PA15.GPIO_ModeDefaultOutputPP=GPIO_MODE_OUTPUT_OD
PB6.GPIOParameters=GPIO_Label
ProjectManager.HalAssertFull=false
PB0.Locked=true
ProjectManager.ProjectName=tape
RCC.PLLMCOFreq_Value=36000000
PB7.GPIO_Label=L_minus
Mcu.Package=LQFP48
PB9.Signal=GPIO_Output
PB1.Signal=GPIO_Output
PA7.Locked=true
ProjectManager.ToolChainLocation=
PA2.GPIO_Label=CALL_PAUSE
VP_SYS_VS_Systick.Signal=SYS_VS_Systick
PA15.Signal=GPIO_Output
PB8.GPIO_ModeDefaultOutputPP=GPIO_MODE_OUTPUT_OD
PB5.GPIO_Label=H SPEED
RCC.APB1TimFreq_Value=72000000
NVIC.BusFault_IRQn=true\:0\:0\:false\:false\:true\:false\:false
PB0.GPIO_ModeDefaultOutputPP=GPIO_MODE_OUTPUT_OD
PB10.GPIOParameters=GPIO_Label,GPIO_ModeDefaultOutputPP
ProjectManager.CustomerFirmwarePackage=
PB3.Locked=true
PB4.Signal=GPIO_Input
PA3.Signal=GPIO_Input
PA2.Locked=true
PB3.GPIO_Label=MT FWD
RCC.PLLSourceVirtual=RCC_PLLSOURCE_HSE
ProjectManager.ProjectFileName=tape.ioc
PB8.GPIOParameters=GPIO_Label,GPIO_ModeDefaultOutputPP
PD1-OSC_OUT.Mode=HSE-External-Oscillator
PB9.GPIO_Label=PHOTO R
PA15.GPIOParameters=GPIO_Label,GPIO_ModeDefaultOutputPP
Mcu.PinsNb=25
ProjectManager.NoMain=false
PB11.GPIO_Label=BTN_NEXT
PC13-TAMPER-RTC.Signal=GPIO_Output
PA11.GPIO_Label=POS 0
ProjectManager.DefaultFWLocation=true
PD0-OSC_IN.Signal=RCC_OSC_IN
ProjectManager.DeletePrevious=true
RCC.APB1CLKDivider=RCC_HCLK_DIV2
PB10.Locked=true
PA12.GPIO_Label=POS 1_2
RCC.FamilyName=M
PA0-WKUP.GPIO_Label=POLARITY
PA0-WKUP.Signal=GPIO_Input
PA0-WKUP.Locked=true
PB9.GPIOParameters=GPIO_Label,GPIO_ModeDefaultOutputPP
PA13.Signal=SYS_JTMS-SWDIO
PB8.GPIO_Label=PHOTO F
PA15.Locked=true
PA11.Locked=true
ProjectManager.TargetToolchain=STM32CubeIDE
PB10.GPIO_Label=BTN_PREV
PB7.GPIOParameters=GPIO_Label
PB11.GPIOParameters=GPIO_Label,GPIO_ModeDefaultOutputPP
PB5.Locked=true
PB9.Locked=true
ProjectManager.RegisterCallBack=
PC13-TAMPER-RTC.Locked=true
RCC.USBFreq_Value=72000000
PB11.GPIO_ModeDefaultOutputPP=GPIO_MODE_OUTPUT_OD
PA1.Signal=GPIO_Input
PD0-OSC_IN.Mode=HSE-External-Oscillator
PB10.Signal=GPIO_Output
board=custom
ProjectManager.LastFirmware=false
PC13-TAMPER-RTC.GPIO_Label=LED
RCC.VCOOutput2Freq_Value=8000000
RCC.APB2Freq_Value=72000000
MxCube.Version=6.2.1
PB4.GPIO_Label=MT RVS
PA1.GPIO_Label=RESUME
VP_SYS_VS_Systick.Mode=SysTick
NVIC.NonMaskableInt_IRQn=true\:0\:0\:false\:false\:true\:false\:false
PA13.Mode=Serial_Wire
ProjectManager.FreePins=false
RCC.IPParameters=ADCFreqValue,AHBFreq_Value,APB1CLKDivider,APB1Freq_Value,APB1TimFreq_Value,APB2Freq_Value,APB2TimFreq_Value,FCLKCortexFreq_Value,FamilyName,HCLKFreq_Value,MCOFreq_Value,PLLCLKFreq_Value,PLLMCOFreq_Value,PLLMUL,PLLSourceVirtual,SYSCLKFreq_VALUE,SYSCLKSource,TimSysFreq_Value,USBFreq_Value,VCOOutput2Freq_Value
ProjectManager.AskForMigrate=true
Mcu.Name=STM32F103C(8-B)Tx
Mcu.Pin24=VP_SYS_VS_Systick
PA2.Signal=GPIO_Input
ProjectManager.UnderRoot=true
ProjectManager.CoupleFile=false
PB4.Locked=true
PB3.Signal=GPIO_Input
RCC.SYSCLKFreq_VALUE=72000000
Mcu.Pin22=PB8
PB5.Signal=GPIO_Input
Mcu.Pin23=PB9
RCC.TimSysFreq_Value=72000000
PA1.Locked=true
PA7.GPIO_Label=BTN_PLAY_PAUSE_CALL
Mcu.Pin20=PB6
PA3.Locked=true
Mcu.Pin21=PB7
NVIC.ForceEnableDMAVector=true
KeepUserPlacement=false
NVIC.MemoryManagement_IRQn=true\:0\:0\:false\:false\:true\:false\:false
ProjectManager.CompilerOptimize=6
PA11.Signal=GPIO_Output
PA14.Signal=SYS_JTCK-SWCLK
ProjectManager.HeapSize=0x10
Mcu.Pin15=PA14
NVIC.HardFault_IRQn=true\:0\:0\:false\:false\:true\:false\:false
Mcu.Pin16=PA15
Mcu.Pin13=PA12
Mcu.Pin14=PA13
Mcu.Pin19=PB5
ProjectManager.ComputerToolchain=false
Mcu.Pin17=PB3
Mcu.Pin18=PB4
NVIC.PriorityGroup=NVIC_PRIORITYGROUP_4
Mcu.Pin11=PB11
Mcu.Pin12=PA11
Mcu.Pin10=PB10
PB7.Locked=true
PB8.Signal=GPIO_Output
PA0-WKUP.GPIO_PuPd=GPIO_PULLUP
PB1.GPIO_ModeDefaultOutputPP=GPIO_MODE_OUTPUT_OD
RCC.APB1Freq_Value=36000000
PB0.Signal=GPIO_Output
PA7.GPIOParameters=GPIO_Label,GPIO_ModeDefaultOutputPP
ProjectManager.DeviceId=STM32F103C8Tx
ProjectManager.LibraryCopy=1
PA3.GPIO_Label=NO_REPEAT
PB1.GPIOParameters=GPIO_Label,GPIO_ModeDefaultOutputPP
PA7.Signal=GPIO_Output
isbadioc=false
